
Microsoft Visual Studio Solution File, Format Version 12.00
# Visual Studio Version 17
VisualStudioVersion = 17.2.32210.308
MinimumVisualStudioVersion = 10.0.40219.1
Project("{FAE04EC0-301F-11D3-BF4B-00C04F79EFBC}") = "Gorsel8HaftaOptikOkuyucu", "Gorsel8HaftaOptikOkuyucu\Gorsel8HaftaOptikOkuyucu.csproj", "{77B6AC2C-EE58-404D-ACEF-5213C1850DCA}"
EndProject
Global
	GlobalSection(SolutionConfigurationPlatforms) = preSolution
		Debug|Any CPU = Debug|Any CPU
		Release|Any CPU = Release|Any CPU
	EndGlobalSection
	GlobalSection(ProjectConfigurationPlatforms) = postSolution
		{77B6AC2C-EE58-404D-ACEF-5213C1850DCA}.Debug|Any CPU.ActiveCfg = Debug|Any CPU
		{77B6AC2C-EE58-404D-ACEF-5213C1850DCA}.Debug|Any CPU.Build.0 = Debug|Any CPU
		{77B6AC2C-EE58-404D-ACEF-5213C1850DCA}.Release|Any CPU.ActiveCfg = Release|Any CPU
		{77B6AC2C-EE58-404D-ACEF-5213C1850DCA}.Release|Any CPU.Build.0 = Release|Any CPU
	EndGlobalSection
	GlobalSection(SolutionProperties) = preSolution
		HideSolutionNode = FALSE
	EndGlobalSection
	GlobalSection(ExtensibilityGlobals) = postSolution
		SolutionGuid = {AB3F7869-924C-4024-BC38-5DDD79C2E3EE}
	EndGlobalSection
EndGlobal
